// !$*UTF8*$!
{
	archiveVersion = 1;
	classes = {
	};
	objectVersion = 56;
	objects = {

/* Begin PBXBuildFile section */
		7516F5A92B13CCA000B2B04B /* AddPlantView.swift in Sources */ = {isa = PBXBuildFile; fileRef = 7516F5A82B13CCA000B2B04B /* AddPlantView.swift */; };
		75553E402B173F09000C738F /* Localizable.strings in Resources */ = {isa = PBXBuildFile; fileRef = 75553E422B173F09000C738F /* Localizable.strings */; };
		75553E462B173FE4000C738F /* Localizable+Extension.swift in Sources */ = {isa = PBXBuildFile; fileRef = 75553E452B173FE4000C738F /* Localizable+Extension.swift */; };
		7582D3B42B122DF200B7D1BC /* PlantList.swift in Sources */ = {isa = PBXBuildFile; fileRef = 7582D3B32B122DF200B7D1BC /* PlantList.swift */; };
		7582D3B62B122EBF00B7D1BC /* PlantListView.swift in Sources */ = {isa = PBXBuildFile; fileRef = 7582D3B52B122EBF00B7D1BC /* PlantListView.swift */; };
		75AA89DA2B148FB400B390CE /* PlantHeader.swift in Sources */ = {isa = PBXBuildFile; fileRef = 75AA89D92B148FB400B390CE /* PlantHeader.swift */; };
		75AA89DE2B1490D600B390CE /* PlantDetailView.swift in Sources */ = {isa = PBXBuildFile; fileRef = 75AA89DD2B1490D600B390CE /* PlantDetailView.swift */; };
		75EE0D4C2B114320009DC83D /* PlantsAppApp.swift in Sources */ = {isa = PBXBuildFile; fileRef = 75EE0D4B2B114320009DC83D /* PlantsAppApp.swift */; };
		75EE0D502B114320009DC83D /* Item.swift in Sources */ = {isa = PBXBuildFile; fileRef = 75EE0D4F2B114320009DC83D /* Item.swift */; };
		75EE0D522B114322009DC83D /* Assets.xcassets in Resources */ = {isa = PBXBuildFile; fileRef = 75EE0D512B114322009DC83D /* Assets.xcassets */; };
		75EE0D552B114322009DC83D /* Preview Assets.xcassets in Resources */ = {isa = PBXBuildFile; fileRef = 75EE0D542B114322009DC83D /* Preview Assets.xcassets */; };
		75EE0D5F2B114322009DC83D /* PlantsAppTests.swift in Sources */ = {isa = PBXBuildFile; fileRef = 75EE0D5E2B114322009DC83D /* PlantsAppTests.swift */; };
		75EE0D692B114323009DC83D /* PlantsAppUITests.swift in Sources */ = {isa = PBXBuildFile; fileRef = 75EE0D682B114323009DC83D /* PlantsAppUITests.swift */; };
		75EE0D6B2B114323009DC83D /* PlantsAppUITestsLaunchTests.swift in Sources */ = {isa = PBXBuildFile; fileRef = 75EE0D6A2B114323009DC83D /* PlantsAppUITestsLaunchTests.swift */; };
/* End PBXBuildFile section */

/* Begin PBXContainerItemProxy section */
		75EE0D5B2B114322009DC83D /* PBXContainerItemProxy */ = {
			isa = PBXContainerItemProxy;
			containerPortal = 75EE0D402B114320009DC83D /* Project object */;
			proxyType = 1;
			remoteGlobalIDString = 75EE0D472B114320009DC83D;
			remoteInfo = PlantsApp;
		};
		75EE0D652B114323009DC83D /* PBXContainerItemProxy */ = {
			isa = PBXContainerItemProxy;
			containerPortal = 75EE0D402B114320009DC83D /* Project object */;
			proxyType = 1;
			remoteGlobalIDString = 75EE0D472B114320009DC83D;
			remoteInfo = PlantsApp;
		};
/* End PBXContainerItemProxy section */

/* Begin PBXFileReference section */
		7516F5A82B13CCA000B2B04B /* AddPlantView.swift */ = {isa = PBXFileReference; lastKnownFileType = sourcecode.swift; path = AddPlantView.swift; sourceTree = "<group>"; };
		75553E412B173F09000C738F /* en */ = {isa = PBXFileReference; lastKnownFileType = text.plist.strings; name = en; path = en.lproj/Localizable.strings; sourceTree = "<group>"; };
		75553E432B173F15000C738F /* tr */ = {isa = PBXFileReference; lastKnownFileType = text.plist.strings; name = tr; path = tr.lproj/Localizable.strings; sourceTree = "<group>"; };
		75553E452B173FE4000C738F /* Localizable+Extension.swift */ = {isa = PBXFileReference; lastKnownFileType = sourcecode.swift; path = "Localizable+Extension.swift"; sourceTree = "<group>"; };
		7582D3B32B122DF200B7D1BC /* PlantList.swift */ = {isa = PBXFileReference; lastKnownFileType = sourcecode.swift; path = PlantList.swift; sourceTree = "<group>"; };
		7582D3B52B122EBF00B7D1BC /* PlantListView.swift */ = {isa = PBXFileReference; lastKnownFileType = sourcecode.swift; path = PlantListView.swift; sourceTree = "<group>"; };
		75AA89D92B148FB400B390CE /* PlantHeader.swift */ = {isa = PBXFileReference; lastKnownFileType = sourcecode.swift; path = PlantHeader.swift; sourceTree = "<group>"; };
		75AA89DD2B1490D600B390CE /* PlantDetailView.swift */ = {isa = PBXFileReference; lastKnownFileType = sourcecode.swift; path = PlantDetailView.swift; sourceTree = "<group>"; };
		75EE0D482B114320009DC83D /* PlantsApp.app */ = {isa = PBXFileReference; explicitFileType = wrapper.application; includeInIndex = 0; path = PlantsApp.app; sourceTree = BUILT_PRODUCTS_DIR; };
		75EE0D4B2B114320009DC83D /* PlantsAppApp.swift */ = {isa = PBXFileReference; lastKnownFileType = sourcecode.swift; path = PlantsAppApp.swift; sourceTree = "<group>"; };
		75EE0D4F2B114320009DC83D /* Item.swift */ = {isa = PBXFileReference; lastKnownFileType = sourcecode.swift; path = Item.swift; sourceTree = "<group>"; };
		75EE0D512B114322009DC83D /* Assets.xcassets */ = {isa = PBXFileReference; lastKnownFileType = folder.assetcatalog; path = Assets.xcassets; sourceTree = "<group>"; };
		75EE0D542B114322009DC83D /* Preview Assets.xcassets */ = {isa = PBXFileReference; lastKnownFileType = folder.assetcatalog; path = "Preview Assets.xcassets"; sourceTree = "<group>"; };
		75EE0D5A2B114322009DC83D /* PlantsAppTests.xctest */ = {isa = PBXFileReference; explicitFileType = wrapper.cfbundle; includeInIndex = 0; path = PlantsAppTests.xctest; sourceTree = BUILT_PRODUCTS_DIR; };
		75EE0D5E2B114322009DC83D /* PlantsAppTests.swift */ = {isa = PBXFileReference; lastKnownFileType = sourcecode.swift; path = PlantsAppTests.swift; sourceTree = "<group>"; };
		75EE0D642B114323009DC83D /* PlantsAppUITests.xctest */ = {isa = PBXFileReference; explicitFileType = wrapper.cfbundle; includeInIndex = 0; path = PlantsAppUITests.xctest; sourceTree = BUILT_PRODUCTS_DIR; };
		75EE0D682B114323009DC83D /* PlantsAppUITests.swift */ = {isa = PBXFileReference; lastKnownFileType = sourcecode.swift; path = PlantsAppUITests.swift; sourceTree = "<group>"; };
		75EE0D6A2B114323009DC83D /* PlantsAppUITestsLaunchTests.swift */ = {isa = PBXFileReference; lastKnownFileType = sourcecode.swift; path = PlantsAppUITestsLaunchTests.swift; sourceTree = "<group>"; };
/* End PBXFileReference section */

/* Begin PBXFrameworksBuildPhase section */
		75EE0D452B114320009DC83D /* Frameworks */ = {
			isa = PBXFrameworksBuildPhase;
			buildActionMask = 2147483647;
			files = (
			);
			runOnlyForDeploymentPostprocessing = 0;
		};
		75EE0D572B114322009DC83D /* Frameworks */ = {
			isa = PBXFrameworksBuildPhase;
			buildActionMask = 2147483647;
			files = (
			);
			runOnlyForDeploymentPostprocessing = 0;
		};
		75EE0D612B114323009DC83D /* Frameworks */ = {
			isa = PBXFrameworksBuildPhase;
			buildActionMask = 2147483647;
			files = (
			);
			runOnlyForDeploymentPostprocessing = 0;
		};
/* End PBXFrameworksBuildPhase section */

/* Begin PBXGroup section */
		75553E442B173FDC000C738F /* Extension */ = {
			isa = PBXGroup;
			children = (
				75553E452B173FE4000C738F /* Localizable+Extension.swift */,
			);
			path = Extension;
			sourceTree = "<group>";
		};
		7582D3B02B122D0400B7D1BC /* Scene */ = {
			isa = PBXGroup;
			children = (
				7582D3B52B122EBF00B7D1BC /* PlantListView.swift */,
				7516F5A82B13CCA000B2B04B /* AddPlantView.swift */,
				75AA89DD2B1490D600B390CE /* PlantDetailView.swift */,
			);
			path = Scene;
			sourceTree = "<group>";
		};
		7582D3B12B122D1400B7D1BC /* View */ = {
			isa = PBXGroup;
			children = (
				7582D3B32B122DF200B7D1BC /* PlantList.swift */,
				75AA89D92B148FB400B390CE /* PlantHeader.swift */,
			);
			path = View;
			sourceTree = "<group>";
		};
		7582D3B22B122D1C00B7D1BC /* Model */ = {
			isa = PBXGroup;
			children = (
				75EE0D4F2B114320009DC83D /* Item.swift */,
			);
			path = Model;
			sourceTree = "<group>";
		};
		75EE0D3F2B114320009DC83D = {
			isa = PBXGroup;
			children = (
				75553E422B173F09000C738F /* Localizable.strings */,
				75EE0D4A2B114320009DC83D /* PlantsApp */,
				75EE0D5D2B114322009DC83D /* PlantsAppTests */,
				75EE0D672B114323009DC83D /* PlantsAppUITests */,
				75EE0D492B114320009DC83D /* Products */,
			);
			sourceTree = "<group>";
		};
		75EE0D492B114320009DC83D /* Products */ = {
			isa = PBXGroup;
			children = (
				75EE0D482B114320009DC83D /* PlantsApp.app */,
				75EE0D5A2B114322009DC83D /* PlantsAppTests.xctest */,
				75EE0D642B114323009DC83D /* PlantsAppUITests.xctest */,
			);
			name = Products;
			sourceTree = "<group>";
		};
		75EE0D4A2B114320009DC83D /* PlantsApp */ = {
			isa = PBXGroup;
			children = (
				75553E442B173FDC000C738F /* Extension */,
				7582D3B22B122D1C00B7D1BC /* Model */,
				7582D3B12B122D1400B7D1BC /* View */,
				7582D3B02B122D0400B7D1BC /* Scene */,
				75EE0D4B2B114320009DC83D /* PlantsAppApp.swift */,
				75EE0D512B114322009DC83D /* Assets.xcassets */,
				75EE0D532B114322009DC83D /* Preview Content */,
			);
			path = PlantsApp;
			sourceTree = "<group>";
		};
		75EE0D532B114322009DC83D /* Preview Content */ = {
			isa = PBXGroup;
			children = (
				75EE0D542B114322009DC83D /* Preview Assets.xcassets */,
			);
			path = "Preview Content";
			sourceTree = "<group>";
		};
		75EE0D5D2B114322009DC83D /* PlantsAppTests */ = {
			isa = PBXGroup;
			children = (
				75EE0D5E2B114322009DC83D /* PlantsAppTests.swift */,
			);
			path = PlantsAppTests;
			sourceTree = "<group>";
		};
		75EE0D672B114323009DC83D /* PlantsAppUITests */ = {
			isa = PBXGroup;
			children = (
				75EE0D682B114323009DC83D /* PlantsAppUITests.swift */,
				75EE0D6A2B114323009DC83D /* PlantsAppUITestsLaunchTests.swift */,
			);
			path = PlantsAppUITests;
			sourceTree = "<group>";
		};
/* End PBXGroup section */

/* Begin PBXNativeTarget section */
		75EE0D472B114320009DC83D /* PlantsApp */ = {
			isa = PBXNativeTarget;
			buildConfigurationList = 75EE0D6E2B114323009DC83D /* Build configuration list for PBXNativeTarget "PlantsApp" */;
			buildPhases = (
				75EE0D442B114320009DC83D /* Sources */,
				75EE0D452B114320009DC83D /* Frameworks */,
				75EE0D462B114320009DC83D /* Resources */,
			);
			buildRules = (
			);
			dependencies = (
			);
			name = PlantsApp;
			productName = PlantsApp;
			productReference = 75EE0D482B114320009DC83D /* PlantsApp.app */;
			productType = "com.apple.product-type.application";
		};
		75EE0D592B114322009DC83D /* PlantsAppTests */ = {
			isa = PBXNativeTarget;
			buildConfigurationList = 75EE0D712B114323009DC83D /* Build configuration list for PBXNativeTarget "PlantsAppTests" */;
			buildPhases = (
				75EE0D562B114322009DC83D /* Sources */,
				75EE0D572B114322009DC83D /* Frameworks */,
				75EE0D582B114322009DC83D /* Resources */,
			);
			buildRules = (
			);
			dependencies = (
				75EE0D5C2B114322009DC83D /* PBXTargetDependency */,
			);
			name = PlantsAppTests;
			productName = PlantsAppTests;
			productReference = 75EE0D5A2B114322009DC83D /* PlantsAppTests.xctest */;
			productType = "com.apple.product-type.bundle.unit-test";
		};
		75EE0D632B114323009DC83D /* PlantsAppUITests */ = {
			isa = PBXNativeTarget;
			buildConfigurationList = 75EE0D742B114323009DC83D /* Build configuration list for PBXNativeTarget "PlantsAppUITests" */;
			buildPhases = (
				75EE0D602B114323009DC83D /* Sources */,
				75EE0D612B114323009DC83D /* Frameworks */,
				75EE0D622B114323009DC83D /* Resources */,
			);
			buildRules = (
			);
			dependencies = (
				75EE0D662B114323009DC83D /* PBXTargetDependency */,
			);
			name = PlantsAppUITests;
			productName = PlantsAppUITests;
			productReference = 75EE0D642B114323009DC83D /* PlantsAppUITests.xctest */;
			productType = "com.apple.product-type.bundle.ui-testing";
		};
/* End PBXNativeTarget section */

/* Begin PBXProject section */
		75EE0D402B114320009DC83D /* Project object */ = {
			isa = PBXProject;
			attributes = {
				BuildIndependentTargetsInParallel = 1;
				LastSwiftUpdateCheck = 1500;
				LastUpgradeCheck = 1500;
				TargetAttributes = {
					75EE0D472B114320009DC83D = {
						CreatedOnToolsVersion = 15.0.1;
					};
					75EE0D592B114322009DC83D = {
						CreatedOnToolsVersion = 15.0.1;
						TestTargetID = 75EE0D472B114320009DC83D;
					};
					75EE0D632B114323009DC83D = {
						CreatedOnToolsVersion = 15.0.1;
						TestTargetID = 75EE0D472B114320009DC83D;
					};
				};
			};
			buildConfigurationList = 75EE0D432B114320009DC83D /* Build configuration list for PBXProject "PlantsApp" */;
			compatibilityVersion = "Xcode 14.0";
			developmentRegion = en;
			hasScannedForEncodings = 0;
			knownRegions = (
				en,
				Base,
				tr,
			);
			mainGroup = 75EE0D3F2B114320009DC83D;
			productRefGroup = 75EE0D492B114320009DC83D /* Products */;
			projectDirPath = "";
			projectRoot = "";
			targets = (
				75EE0D472B114320009DC83D /* PlantsApp */,
				75EE0D592B114322009DC83D /* PlantsAppTests */,
				75EE0D632B114323009DC83D /* PlantsAppUITests */,
			);
		};
/* End PBXProject section */

/* Begin PBXResourcesBuildPhase section */
		75EE0D462B114320009DC83D /* Resources */ = {
			isa = PBXResourcesBuildPhase;
			buildActionMask = 2147483647;
			files = (
				75EE0D552B114322009DC83D /* Preview Assets.xcassets in Resources */,
				75553E402B173F09000C738F /* Localizable.strings in Resources */,
				75EE0D522B114322009DC83D /* Assets.xcassets in Resources */,
			);
			runOnlyForDeploymentPostprocessing = 0;
		};
		75EE0D582B114322009DC83D /* Resources */ = {
			isa = PBXResourcesBuildPhase;
			buildActionMask = 2147483647;
			files = (
			);
			runOnlyForDeploymentPostprocessing = 0;
		};
		75EE0D622B114323009DC83D /* Resources */ = {
			isa = PBXResourcesBuildPhase;
			buildActionMask = 2147483647;
			files = (
			);
			runOnlyForDeploymentPostprocessing = 0;
		};
/* End PBXResourcesBuildPhase section */

/* Begin PBXSourcesBuildPhase section */
		75EE0D442B114320009DC83D /* Sources */ = {
			isa = PBXSourcesBuildPhase;
			buildActionMask = 2147483647;
			files = (
				75553E462B173FE4000C738F /* Localizable+Extension.swift in Sources */,
				7516F5A92B13CCA000B2B04B /* AddPlantView.swift in Sources */,
				7582D3B42B122DF200B7D1BC /* PlantList.swift in Sources */,
				75AA89DE2B1490D600B390CE /* PlantDetailView.swift in Sources */,
				7582D3B62B122EBF00B7D1BC /* PlantListView.swift in Sources */,
				75AA89DA2B148FB400B390CE /* PlantHeader.swift in Sources */,
				75EE0D502B114320009DC83D /* Item.swift in Sources */,
				75EE0D4C2B114320009DC83D /* PlantsAppApp.swift in Sources */,
			);
			runOnlyForDeploymentPostprocessing = 0;
		};
		75EE0D562B114322009DC83D /* Sources */ = {
			isa = PBXSourcesBuildPhase;
			buildActionMask = 2147483647;
			files = (
				75EE0D5F2B114322009DC83D /* PlantsAppTests.swift in Sources */,
			);
			runOnlyForDeploymentPostprocessing = 0;
		};
		75EE0D602B114323009DC83D /* Sources */ = {
			isa = PBXSourcesBuildPhase;
			buildActionMask = 2147483647;
			files = (
				75EE0D6B2B114323009DC83D /* PlantsAppUITestsLaunchTests.swift in Sources */,
				75EE0D692B114323009DC83D /* PlantsAppUITests.swift in Sources */,
			);
			runOnlyForDeploymentPostprocessing = 0;
		};
/* End PBXSourcesBuildPhase section */

/* Begin PBXTargetDependency section */
		75EE0D5C2B114322009DC83D /* PBXTargetDependency */ = {
			isa = PBXTargetDependency;
			target = 75EE0D472B114320009DC83D /* PlantsApp */;
			targetProxy = 75EE0D5B2B114322009DC83D /* PBXContainerItemProxy */;
		};
		75EE0D662B114323009DC83D /* PBXTargetDependency */ = {
			isa = PBXTargetDependency;
			target = 75EE0D472B114320009DC83D /* PlantsApp */;
			targetProxy = 75EE0D652B114323009DC83D /* PBXContainerItemProxy */;
		};
/* End PBXTargetDependency section */

/* Begin PBXVariantGroup section */
		75553E422B173F09000C738F /* Localizable.strings */ = {
			isa = PBXVariantGroup;
			children = (
				75553E412B173F09000C738F /* en */,
				75553E432B173F15000C738F /* tr */,
			);
			name = Localizable.strings;
			sourceTree = "<group>";
		};
/* End PBXVariantGroup section */

/* Begin XCBuildConfiguration section */
		75EE0D6C2B114323009DC83D /* Debug */ = {
			isa = XCBuildConfiguration;
			buildSettings = {
				ALWAYS_SEARCH_USER_PATHS = NO;
				ASSETCATALOG_COMPILER_GENERATE_SWIFT_ASSET_SYMBOL_EXTENSIONS = YES;
				CLANG_ANALYZER_LOCALIZABILITY_NONLOCALIZED = YES;
				CLANG_ANALYZER_NONNULL = YES;
				CLANG_ANALYZER_NUMBER_OBJECT_CONVERSION = YES_AGGRESSIVE;
				CLANG_CXX_LANGUAGE_STANDARD = "gnu++20";
				CLANG_ENABLE_MODULES = YES;
				CLANG_ENABLE_OBJC_ARC = YES;
				CLANG_ENABLE_OBJC_WEAK = YES;
				CLANG_WARN_BLOCK_CAPTURE_AUTORELEASING = YES;
				CLANG_WARN_BOOL_CONVERSION = YES;
				CLANG_WARN_COMMA = YES;
				CLANG_WARN_CONSTANT_CONVERSION = YES;
				CLANG_WARN_DEPRECATED_OBJC_IMPLEMENTATIONS = YES;
				CLANG_WARN_DIRECT_OBJC_ISA_USAGE = YES_ERROR;
				CLANG_WARN_DOCUMENTATION_COMMENTS = YES;
				CLANG_WARN_EMPTY_BODY = YES;
				CLANG_WARN_ENUM_CONVERSION = YES;
				CLANG_WARN_INFINITE_RECURSION = YES;
				CLANG_WARN_INT_CONVERSION = YES;
				CLANG_WARN_NON_LITERAL_NULL_CONVERSION = YES;
				CLANG_WARN_OBJC_IMPLICIT_RETAIN_SELF = YES;
				CLANG_WARN_OBJC_LITERAL_CONVERSION = YES;
				CLANG_WARN_OBJC_ROOT_CLASS = YES_ERROR;
				CLANG_WARN_QUOTED_INCLUDE_IN_FRAMEWORK_HEADER = YES;
				CLANG_WARN_RANGE_LOOP_ANALYSIS = YES;
				CLANG_WARN_STRICT_PROTOTYPES = YES;
				CLANG_WARN_SUSPICIOUS_MOVE = YES;
				CLANG_WARN_UNGUARDED_AVAILABILITY = YES_AGGRESSIVE;
				CLANG_WARN_UNREACHABLE_CODE = YES;
				CLANG_WARN__DUPLICATE_METHOD_MATCH = YES;
				COPY_PHASE_STRIP = NO;
				DEBUG_INFORMATION_FORMAT = dwarf;
				ENABLE_STRICT_OBJC_MSGSEND = YES;
				ENABLE_TESTABILITY = YES;
				ENABLE_USER_SCRIPT_SANDBOXING = YES;
				GCC_C_LANGUAGE_STANDARD = gnu17;
				GCC_DYNAMIC_NO_PIC = NO;
				GCC_NO_COMMON_BLOCKS = YES;
				GCC_OPTIMIZATION_LEVEL = 0;
				GCC_PREPROCESSOR_DEFINITIONS = (
					"DEBUG=1",
					"$(inherited)",
				);
				GCC_WARN_64_TO_32_BIT_CONVERSION = YES;
				GCC_WARN_ABOUT_RETURN_TYPE = YES_ERROR;
				GCC_WARN_UNDECLARED_SELECTOR = YES;
				GCC_WARN_UNINITIALIZED_AUTOS = YES_AGGRESSIVE;
				GCC_WARN_UNUSED_FUNCTION = YES;
				GCC_WARN_UNUSED_VARIABLE = YES;
				IPHONEOS_DEPLOYMENT_TARGET = 17.0;
				LOCALIZATION_PREFERS_STRING_CATALOGS = YES;
				MTL_ENABLE_DEBUG_INFO = INCLUDE_SOURCE;
				MTL_FAST_MATH = YES;
				ONLY_ACTIVE_ARCH = YES;
				SDKROOT = iphoneos;
				SWIFT_ACTIVE_COMPILATION_CONDITIONS = "DEBUG $(inherited)";
				SWIFT_OPTIMIZATION_LEVEL = "-Onone";
			};
			name = Debug;
		};
		75EE0D6D2B114323009DC83D /* Release */ = {
			isa = XCBuildConfiguration;
			buildSettings = {
				ALWAYS_SEARCH_USER_PATHS = NO;
				ASSETCATALOG_COMPILER_GENERATE_SWIFT_ASSET_SYMBOL_EXTENSIONS = YES;
				CLANG_ANALYZER_LOCALIZABILITY_NONLOCALIZED = YES;
				CLANG_ANALYZER_NONNULL = YES;
				CLANG_ANALYZER_NUMBER_OBJECT_CONVERSION = YES_AGGRESSIVE;
				CLANG_CXX_LANGUAGE_STANDARD = "gnu++20";
				CLANG_ENABLE_MODULES = YES;
				CLANG_ENABLE_OBJC_ARC = YES;
				CLANG_ENABLE_OBJC_WEAK = YES;
				CLANG_WARN_BLOCK_CAPTURE_AUTORELEASING = YES;
				CLANG_WARN_BOOL_CONVERSION = YES;
				CLANG_WARN_COMMA = YES;
				CLANG_WARN_CONSTANT_CONVERSION = YES;
				CLANG_WARN_DEPRECATED_OBJC_IMPLEMENTATIONS = YES;
				CLANG_WARN_DIRECT_OBJC_ISA_USAGE = YES_ERROR;
				CLANG_WARN_DOCUMENTATION_COMMENTS = YES;
				CLANG_WARN_EMPTY_BODY = YES;
				CLANG_WARN_ENUM_CONVERSION = YES;
				CLANG_WARN_INFINITE_RECURSION = YES;
				CLANG_WARN_INT_CONVERSION = YES;
				CLANG_WARN_NON_LITERAL_NULL_CONVERSION = YES;
				CLANG_WARN_OBJC_IMPLICIT_RETAIN_SELF = YES;
				CLANG_WARN_OBJC_LITERAL_CONVERSION = YES;
				CLANG_WARN_OBJC_ROOT_CLASS = YES_ERROR;
				CLANG_WARN_QUOTED_INCLUDE_IN_FRAMEWORK_HEADER = YES;
				CLANG_WARN_RANGE_LOOP_ANALYSIS = YES;
				CLANG_WARN_STRICT_PROTOTYPES = YES;
				CLANG_WARN_SUSPICIOUS_MOVE = YES;
				CLANG_WARN_UNGUARDED_AVAILABILITY = YES_AGGRESSIVE;
				CLANG_WARN_UNREACHABLE_CODE = YES;
				CLANG_WARN__DUPLICATE_METHOD_MATCH = YES;
				COPY_PHASE_STRIP = NO;
				DEBUG_INFORMATION_FORMAT = "dwarf-with-dsym";
				ENABLE_NS_ASSERTIONS = NO;
				ENABLE_STRICT_OBJC_MSGSEND = YES;
				ENABLE_USER_SCRIPT_SANDBOXING = YES;
				GCC_C_LANGUAGE_STANDARD = gnu17;
				GCC_NO_COMMON_BLOCKS = YES;
				GCC_WARN_64_TO_32_BIT_CONVERSION = YES;
				GCC_WARN_ABOUT_RETURN_TYPE = YES_ERROR;
				GCC_WARN_UNDECLARED_SELECTOR = YES;
				GCC_WARN_UNINITIALIZED_AUTOS = YES_AGGRESSIVE;
				GCC_WARN_UNUSED_FUNCTION = YES;
				GCC_WARN_UNUSED_VARIABLE = YES;
				IPHONEOS_DEPLOYMENT_TARGET = 17.0;
				LOCALIZATION_PREFERS_STRING_CATALOGS = YES;
				MTL_ENABLE_DEBUG_INFO = NO;
				MTL_FAST_MATH = YES;
				SDKROOT = iphoneos;
				SWIFT_COMPILATION_MODE = wholemodule;
				VALIDATE_PRODUCT = YES;
			};
			name = Release;
		};
		75EE0D6F2B114323009DC83D /* Debug */ = {
			isa = XCBuildConfiguration;
			buildSettings = {
				ASSETCATALOG_COMPILER_APPICON_NAME = AppIcon;
				ASSETCATALOG_COMPILER_GLOBAL_ACCENT_COLOR_NAME = AccentColor;
				CODE_SIGN_STYLE = Automatic;
				CURRENT_PROJECT_VERSION = 1;
				DEVELOPMENT_ASSET_PATHS = "\"PlantsApp/Preview Content\"";
				DEVELOPMENT_TEAM = WHB8AY66F3;
				ENABLE_PREVIEWS = YES;
				GENERATE_INFOPLIST_FILE = YES;
				INFOPLIST_KEY_CFBundleDisplayName = Bitkilerim;
				INFOPLIST_KEY_UIApplicationSceneManifest_Generation = YES;
				INFOPLIST_KEY_UIApplicationSupportsIndirectInputEvents = YES;
				INFOPLIST_KEY_UILaunchScreen_Generation = YES;
				INFOPLIST_KEY_UISupportedInterfaceOrientations = UIInterfaceOrientationPortrait;
				INFOPLIST_KEY_UISupportedInterfaceOrientations_iPad = "UIInterfaceOrientationLandscapeLeft UIInterfaceOrientationLandscapeRight UIInterfaceOrientationPortrait UIInterfaceOrientationPortraitUpsideDown";
				IPHONEOS_DEPLOYMENT_TARGET = 17.0;
				LD_RUNPATH_SEARCH_PATHS = (
					"$(inherited)",
					"@executable_path/Frameworks",
				);
				MARKETING_VERSION = 1.0;
				PRODUCT_BUNDLE_IDENTIFIER = barixmen.Bitkilerim;
				PRODUCT_NAME = "$(TARGET_NAME)";
				SUPPORTED_PLATFORMS = "iphoneos iphonesimulator";
				SUPPORTS_MACCATALYST = NO;
				SUPPORTS_MAC_DESIGNED_FOR_IPHONE_IPAD = NO;
				SWIFT_EMIT_LOC_STRINGS = YES;
				SWIFT_VERSION = 5.0;
				TARGETED_DEVICE_FAMILY = 1;
			};
			name = Debug;
		};
		75EE0D702B114323009DC83D /* Release */ = {
			isa = XCBuildConfiguration;
			buildSettings = {
				ASSETCATALOG_COMPILER_APPICON_NAME = AppIcon;
				ASSETCATALOG_COMPILER_GLOBAL_ACCENT_COLOR_NAME = AccentColor;
				CODE_SIGN_STYLE = Automatic;
				CURRENT_PROJECT_VERSION = 1;
				DEVELOPMENT_ASSET_PATHS = "\"PlantsApp/Preview Content\"";
				DEVELOPMENT_TEAM = WHB8AY66F3;
				ENABLE_PREVIEWS = YES;
				GENERATE_INFOPLIST_FILE = YES;
				INFOPLIST_KEY_CFBundleDisplayName = Bitkilerim;
				INFOPLIST_KEY_UIApplicationSceneManifest_Generation = YES;
				INFOPLIST_KEY_UIApplicationSupportsIndirectInputEvents = YES;
				INFOPLIST_KEY_UILaunchScreen_Generation = YES;
				INFOPLIST_KEY_UISupportedInterfaceOrientations = UIInterfaceOrientationPortrait;
				INFOPLIST_KEY_UISupportedInterfaceOrientations_iPad = "UIInterfaceOrientationLandscapeLeft UIInterfaceOrientationLandscapeRight UIInterfaceOrientationPortrait UIInterfaceOrientationPortraitUpsideDown";
				IPHONEOS_DEPLOYMENT_TARGET = 17.0;
				LD_RUNPATH_SEARCH_PATHS = (
					"$(inherited)",
					"@executable_path/Frameworks",
				);
				MARKETING_VERSION = 1.0;
				PRODUCT_BUNDLE_IDENTIFIER = barixmen.Bitkilerim;
				PRODUCT_NAME = "$(TARGET_NAME)";
				SUPPORTED_PLATFORMS = "iphoneos iphonesimulator";
				SUPPORTS_MACCATALYST = NO;
				SUPPORTS_MAC_DESIGNED_FOR_IPHONE_IPAD = NO;
				SWIFT_EMIT_LOC_STRINGS = YES;
				SWIFT_VERSION = 5.0;
				TARGETED_DEVICE_FAMILY = 1;
			};
			name = Release;
		};
		75EE0D722B114323009DC83D /* Debug */ = {
			isa = XCBuildConfiguration;
			buildSettings = {
				ALWAYS_EMBED_SWIFT_STANDARD_LIBRARIES = YES;
				BUNDLE_LOADER = "$(TEST_HOST)";
				CODE_SIGN_STYLE = Automatic;
				CURRENT_PROJECT_VERSION = 1;
				DEVELOPMENT_TEAM = WL3K4A7DH8;
				GENERATE_INFOPLIST_FILE = YES;
				IPHONEOS_DEPLOYMENT_TARGET = 17.0;
				MARKETING_VERSION = 1.0;
				PRODUCT_BUNDLE_IDENTIFIER = barixmen.PlantsAppTests;
				PRODUCT_NAME = "$(TARGET_NAME)";
				SWIFT_EMIT_LOC_STRINGS = NO;
				SWIFT_VERSION = 5.0;
				TARGETED_DEVICE_FAMILY = "1,2";
				TEST_HOST = "$(BUILT_PRODUCTS_DIR)/PlantsApp.app/$(BUNDLE_EXECUTABLE_FOLDER_PATH)/PlantsApp";
			};
			name = Debug;
		};
		75EE0D732B114323009DC83D /* Release */ = {
			isa = XCBuildConfiguration;
			buildSettings = {
				ALWAYS_EMBED_SWIFT_STANDARD_LIBRARIES = YES;
				BUNDLE_LOADER = "$(TEST_HOST)";
				CODE_SIGN_STYLE = Automatic;
				CURRENT_PROJECT_VERSION = 1;
				DEVELOPMENT_TEAM = WL3K4A7DH8;
				GENERATE_INFOPLIST_FILE = YES;
				IPHONEOS_DEPLOYMENT_TARGET = 17.0;
				MARKETING_VERSION = 1.0;
				PRODUCT_BUNDLE_IDENTIFIER = barixmen.PlantsAppTests;
				PRODUCT_NAME = "$(TARGET_NAME)";
				SWIFT_EMIT_LOC_STRINGS = NO;
				SWIFT_VERSION = 5.0;
				TARGETED_DEVICE_FAMILY = "1,2";
				TEST_HOST = "$(BUILT_PRODUCTS_DIR)/PlantsApp.app/$(BUNDLE_EXECUTABLE_FOLDER_PATH)/PlantsApp";
			};
			name = Release;
		};
		75EE0D752B114323009DC83D /* Debug */ = {
			isa = XCBuildConfiguration;
			buildSettings = {
				ALWAYS_EMBED_SWIFT_STANDARD_LIBRARIES = YES;
				CODE_SIGN_STYLE = Automatic;
				CURRENT_PROJECT_VERSION = 1;
				DEVELOPMENT_TEAM = WL3K4A7DH8;
				GENERATE_INFOPLIST_FILE = YES;
				MARKETING_VERSION = 1.0;
				PRODUCT_BUNDLE_IDENTIFIER = barixmen.PlantsAppUITests;
				PRODUCT_NAME = "$(TARGET_NAME)";
				SWIFT_EMIT_LOC_STRINGS = NO;
				SWIFT_VERSION = 5.0;
				TARGETED_DEVICE_FAMILY = "1,2";
				TEST_TARGET_NAME = PlantsApp;
			};
			name = Debug;
		};
		75EE0D762B114323009DC83D /* Release */ = {
			isa = XCBuildConfiguration;
			buildSettings = {
				ALWAYS_EMBED_SWIFT_STANDARD_LIBRARIES = YES;
				CODE_SIGN_STYLE = Automatic;
				CURRENT_PROJECT_VERSION = 1;
				DEVELOPMENT_TEAM = WL3K4A7DH8;
				GENERATE_INFOPLIST_FILE = YES;
				MARKETING_VERSION = 1.0;
				PRODUCT_BUNDLE_IDENTIFIER = barixmen.PlantsAppUITests;
				PRODUCT_NAME = "$(TARGET_NAME)";
				SWIFT_EMIT_LOC_STRINGS = NO;
				SWIFT_VERSION = 5.0;
				TARGETED_DEVICE_FAMILY = "1,2";
				TEST_TARGET_NAME = PlantsApp;
			};
			name = Release;
		};
/* End XCBuildConfiguration section */

/* Begin XCConfigurationList section */
		75EE0D432B114320009DC83D /* Build configuration list for PBXProject "PlantsApp" */ = {
			isa = XCConfigurationList;
			buildConfigurations = (
				75EE0D6C2B114323009DC83D /* Debug */,
				75EE0D6D2B114323009DC83D /* Release */,
			);
			defaultConfigurationIsVisible = 0;
			defaultConfigurationName = Release;
		};
		75EE0D6E2B114323009DC83D /* Build configuration list for PBXNativeTarget "PlantsApp" */ = {
			isa = XCConfigurationList;
			buildConfigurations = (
				75EE0D6F2B114323009DC83D /* Debug */,
				75EE0D702B114323009DC83D /* Release */,
			);
			defaultConfigurationIsVisible = 0;
			defaultConfigurationName = Release;
		};
		75EE0D712B114323009DC83D /* Build configuration list for PBXNativeTarget "PlantsAppTests" */ = {
			isa = XCConfigurationList;
			buildConfigurations = (
				75EE0D722B114323009DC83D /* Debug */,
				75EE0D732B114323009DC83D /* Release */,
			);
			defaultConfigurationIsVisible = 0;
			defaultConfigurationName = Release;
		};
		75EE0D742B114323009DC83D /* Build configuration list for PBXNativeTarget "PlantsAppUITests" */ = {
			isa = XCConfigurationList;
			buildConfigurations = (
				75EE0D752B114323009DC83D /* Debug */,
				75EE0D762B114323009DC83D /* Release */,
			);
			defaultConfigurationIsVisible = 0;
			defaultConfigurationName = Release;
		};
/* End XCConfigurationList section */
	};
	rootObject = 75EE0D402B114320009DC83D /* Project object */;
}
